
Microsoft Visual Studio Solution File, Format Version 12.00
# Visual Studio 14
VisualStudioVersion = 14.0.25420.1
MinimumVisualStudioVersion = 10.0.40219.1
Project("{FAE04EC0-301F-11D3-BF4B-00C04F79EFBC}") = "TPC.Web", "TPC.Web\TPC.Web.csproj", "{15161D14-342D-48EB-9F1A-7CD8540AADC5}"
EndProject
Project("{FAE04EC0-301F-11D3-BF4B-00C04F79EFBC}") = "TPC.Data", "TPC.Data\TPC.Data.csproj", "{0C3C665F-A003-4F7C-B8CF-80D23DDC7A6D}"
EndProject
Project("{FAE04EC0-301F-11D3-BF4B-00C04F79EFBC}") = "TPC.Domain", "TPC.Domain\TPC.Domain.csproj", "{59959607-3903-4813-A090-E6A4B77DE6DA}"
EndProject
Project("{FAE04EC0-301F-11D3-BF4B-00C04F79EFBC}") = "TPC.Repository", "TPC.Repository\TPC.Repository.csproj", "{BFDE527F-E709-4188-8E8A-1A268CD23E1B}"
EndProject
Global
	GlobalSection(SolutionConfigurationPlatforms) = preSolution
		Local|Any CPU = Local|Any CPU
		Prod|Any CPU = Prod|Any CPU
	EndGlobalSection
	GlobalSection(ProjectConfigurationPlatforms) = postSolution
		{15161D14-342D-48EB-9F1A-7CD8540AADC5}.Local|Any CPU.ActiveCfg = Local|Any CPU
		{15161D14-342D-48EB-9F1A-7CD8540AADC5}.Local|Any CPU.Build.0 = Local|Any CPU
		{15161D14-342D-48EB-9F1A-7CD8540AADC5}.Prod|Any CPU.ActiveCfg = Prod|Any CPU
		{15161D14-342D-48EB-9F1A-7CD8540AADC5}.Prod|Any CPU.Build.0 = Prod|Any CPU
		{0C3C665F-A003-4F7C-B8CF-80D23DDC7A6D}.Local|Any CPU.ActiveCfg = Local|Any CPU
		{0C3C665F-A003-4F7C-B8CF-80D23DDC7A6D}.Local|Any CPU.Build.0 = Local|Any CPU
		{0C3C665F-A003-4F7C-B8CF-80D23DDC7A6D}.Prod|Any CPU.ActiveCfg = Prod|Any CPU
		{0C3C665F-A003-4F7C-B8CF-80D23DDC7A6D}.Prod|Any CPU.Build.0 = Prod|Any CPU
		{59959607-3903-4813-A090-E6A4B77DE6DA}.Local|Any CPU.ActiveCfg = Local|Any CPU
		{59959607-3903-4813-A090-E6A4B77DE6DA}.Local|Any CPU.Build.0 = Local|Any CPU
		{59959607-3903-4813-A090-E6A4B77DE6DA}.Prod|Any CPU.ActiveCfg = Prod|Any CPU
		{59959607-3903-4813-A090-E6A4B77DE6DA}.Prod|Any CPU.Build.0 = Prod|Any CPU
		{BFDE527F-E709-4188-8E8A-1A268CD23E1B}.Local|Any CPU.ActiveCfg = Local|Any CPU
		{BFDE527F-E709-4188-8E8A-1A268CD23E1B}.Local|Any CPU.Build.0 = Local|Any CPU
		{BFDE527F-E709-4188-8E8A-1A268CD23E1B}.Prod|Any CPU.ActiveCfg = Prod|Any CPU
		{BFDE527F-E709-4188-8E8A-1A268CD23E1B}.Prod|Any CPU.Build.0 = Prod|Any CPU
	EndGlobalSection
	GlobalSection(SolutionProperties) = preSolution
		HideSolutionNode = FALSE
	EndGlobalSection
EndGlobal
